
Microsoft Visual Studio Solution File, Format Version 12.00
# Visual Studio Version 16
VisualStudioVersion = 16.0.30413.136
MinimumVisualStudioVersion = 10.0.40219.1
Project("{FAE04EC0-301F-11D3-BF4B-00C04F79EFBC}") = "Ablajajajajjaja", "Ablajajajajjaja\Ablajajajajjaja.csproj", "{9D5FEEC1-DD49-49A9-B462-0E3E5E73AD46}"
EndProject
Project("{FAE04EC0-301F-11D3-BF4B-00C04F79EFBC}") = "SecondProj", "SecondProj\SecondProj.csproj", "{6595DE40-CC2D-40AE-8F1A-5322BC9AFAC7}"
EndProject
Global
	GlobalSection(SolutionConfigurationPlatforms) = preSolution
		Debug|Any CPU = Debug|Any CPU
		Release|Any CPU = Release|Any CPU
	EndGlobalSection
	GlobalSection(ProjectConfigurationPlatforms) = postSolution
		{9D5FEEC1-DD49-49A9-B462-0E3E5E73AD46}.Debug|Any CPU.ActiveCfg = Debug|Any CPU
		{9D5FEEC1-DD49-49A9-B462-0E3E5E73AD46}.Debug|Any CPU.Build.0 = Debug|Any CPU
		{9D5FEEC1-DD49-49A9-B462-0E3E5E73AD46}.Release|Any CPU.ActiveCfg = Release|Any CPU
		{9D5FEEC1-DD49-49A9-B462-0E3E5E73AD46}.Release|Any CPU.Build.0 = Release|Any CPU
		{6595DE40-CC2D-40AE-8F1A-5322BC9AFAC7}.Debug|Any CPU.ActiveCfg = Debug|Any CPU
		{6595DE40-CC2D-40AE-8F1A-5322BC9AFAC7}.Debug|Any CPU.Build.0 = Debug|Any CPU
		{6595DE40-CC2D-40AE-8F1A-5322BC9AFAC7}.Release|Any CPU.ActiveCfg = Release|Any CPU
		{6595DE40-CC2D-40AE-8F1A-5322BC9AFAC7}.Release|Any CPU.Build.0 = Release|Any CPU
	EndGlobalSection
	GlobalSection(SolutionProperties) = preSolution
		HideSolutionNode = FALSE
	EndGlobalSection
	GlobalSection(ExtensibilityGlobals) = postSolution
		SolutionGuid = {47BD820B-58A2-4891-AABF-7480047456A4}
	EndGlobalSection
EndGlobal
